// !$*UTF8*$!
{
	archiveVersion = 1;
	classes = {
	};
	objectVersion = 55;
	objects = {

/* Begin PBXBuildFile section */
		BB6CFAE726FAA56200F1DBAB /* My_Great_AppApp.swift in Sources */ = {isa = PBXBuildFile; fileRef = BB6CFAE626FAA56200F1DBAB /* My_Great_AppApp.swift */; };
		BB6CFAE926FAA56200F1DBAB /* ContentView.swift in Sources */ = {isa = PBXBuildFile; fileRef = BB6CFAE826FAA56200F1DBAB /* ContentView.swift */; };
		BB6CFAEB26FAA56400F1DBAB /* Assets.xcassets in Resources */ = {isa = PBXBuildFile; fileRef = BB6CFAEA26FAA56400F1DBAB /* Assets.xcassets */; };
		BB6CFAEE26FAA56400F1DBAB /* Preview Assets.xcassets in Resources */ = {isa = PBXBuildFile; fileRef = BB6CFAED26FAA56400F1DBAB /* Preview Assets.xcassets */; };
		E4726E04298ABAB0002F7195 /* FBAuthentication in Frameworks */ = {isa = PBXBuildFile; productRef = E4726E03298ABAB0002F7195 /* FBAuthentication */; };
		E4E468B4298829C6003E2642 /* GoogleService-Info.plist in Resources */ = {isa = PBXBuildFile; fileRef = E4E468B3298829C6003E2642 /* GoogleService-Info.plist */; };
		E4E468B929882FB4003E2642 /* HomeView.swift in Sources */ = {isa = PBXBuildFile; fileRef = E4E468B829882FB4003E2642 /* HomeView.swift */; };
/* End PBXBuildFile section */

/* Begin PBXFileReference section */
		BB6CFAE326FAA56200F1DBAB /* My Great App.app */ = {isa = PBXFileReference; explicitFileType = wrapper.application; includeInIndex = 0; path = "My Great App.app"; sourceTree = BUILT_PRODUCTS_DIR; };
		BB6CFAE626FAA56200F1DBAB /* My_Great_AppApp.swift */ = {isa = PBXFileReference; lastKnownFileType = sourcecode.swift; path = My_Great_AppApp.swift; sourceTree = "<group>"; };
		BB6CFAE826FAA56200F1DBAB /* ContentView.swift */ = {isa = PBXFileReference; lastKnownFileType = sourcecode.swift; path = ContentView.swift; sourceTree = "<group>"; };
		BB6CFAEA26FAA56400F1DBAB /* Assets.xcassets */ = {isa = PBXFileReference; lastKnownFileType = folder.assetcatalog; path = Assets.xcassets; sourceTree = "<group>"; };
		BB6CFAED26FAA56400F1DBAB /* Preview Assets.xcassets */ = {isa = PBXFileReference; lastKnownFileType = folder.assetcatalog; path = "Preview Assets.xcassets"; sourceTree = "<group>"; };
		BB6CFAF426FAA60600F1DBAB /* My-Great-App-Info.plist */ = {isa = PBXFileReference; lastKnownFileType = text.plist; path = "My-Great-App-Info.plist"; sourceTree = SOURCE_ROOT; };
		E4726E01298AB9F8002F7195 /* FBAuthentication-main */ = {isa = PBXFileReference; lastKnownFileType = wrapper; name = "FBAuthentication-main"; path = "../../../../../../../Downloads/FBAuthentication-main"; sourceTree = "<group>"; };
		E4E468B3298829C6003E2642 /* GoogleService-Info.plist */ = {isa = PBXFileReference; fileEncoding = 4; lastKnownFileType = text.plist.xml; path = "GoogleService-Info.plist"; sourceTree = "<group>"; };
		E4E468B829882FB4003E2642 /* HomeView.swift */ = {isa = PBXFileReference; lastKnownFileType = sourcecode.swift; path = HomeView.swift; sourceTree = "<group>"; };
/* End PBXFileReference section */

/* Begin PBXFrameworksBuildPhase section */
		BB6CFAE026FAA56200F1DBAB /* Frameworks */ = {
			isa = PBXFrameworksBuildPhase;
			buildActionMask = 2147483647;
			files = (
				E4726E04298ABAB0002F7195 /* FBAuthentication in Frameworks */,
			);
			runOnlyForDeploymentPostprocessing = 0;
		};
/* End PBXFrameworksBuildPhase section */

/* Begin PBXGroup section */
		BB6CFADA26FAA56200F1DBAB = {
			isa = PBXGroup;
			children = (
				BB6CFAE526FAA56200F1DBAB /* My Great App */,
				BB6CFAE426FAA56200F1DBAB /* Products */,
				E4726E02298ABAB0002F7195 /* Frameworks */,
			);
			sourceTree = "<group>";
		};
		BB6CFAE426FAA56200F1DBAB /* Products */ = {
			isa = PBXGroup;
			children = (
				BB6CFAE326FAA56200F1DBAB /* My Great App.app */,
			);
			name = Products;
			sourceTree = "<group>";
		};
		BB6CFAE526FAA56200F1DBAB /* My Great App */ = {
			isa = PBXGroup;
			children = (
				BB6CFAF426FAA60600F1DBAB /* My-Great-App-Info.plist */,
				BB6CFAE626FAA56200F1DBAB /* My_Great_AppApp.swift */,
				BB6CFAE826FAA56200F1DBAB /* ContentView.swift */,
				E4E468B829882FB4003E2642 /* HomeView.swift */,
				E4726E01298AB9F8002F7195 /* FBAuthentication-main */,
				E4E468B3298829C6003E2642 /* GoogleService-Info.plist */,
				BB6CFAEA26FAA56400F1DBAB /* Assets.xcassets */,
				BB6CFAEC26FAA56400F1DBAB /* Preview Content */,
			);
			path = "My Great App";
			sourceTree = "<group>";
		};
		BB6CFAEC26FAA56400F1DBAB /* Preview Content */ = {
			isa = PBXGroup;
			children = (
				BB6CFAED26FAA56400F1DBAB /* Preview Assets.xcassets */,
			);
			path = "Preview Content";
			sourceTree = "<group>";
		};
		E4726E02298ABAB0002F7195 /* Frameworks */ = {
			isa = PBXGroup;
			children = (
			);
			name = Frameworks;
			sourceTree = "<group>";
		};
/* End PBXGroup section */

/* Begin PBXNativeTarget section */
		BB6CFAE226FAA56200F1DBAB /* My Great App */ = {
			isa = PBXNativeTarget;
			buildConfigurationList = BB6CFAF126FAA56400F1DBAB /* Build configuration list for PBXNativeTarget "My Great App" */;
			buildPhases = (
				BB6CFADF26FAA56200F1DBAB /* Sources */,
				BB6CFAE026FAA56200F1DBAB /* Frameworks */,
				BB6CFAE126FAA56200F1DBAB /* Resources */,
			);
			buildRules = (
			);
			dependencies = (
			);
			name = "My Great App";
			packageProductDependencies = (
				E4726E03298ABAB0002F7195 /* FBAuthentication */,
			);
			productName = "My Great App";
			productReference = BB6CFAE326FAA56200F1DBAB /* My Great App.app */;
			productType = "com.apple.product-type.application";
		};
/* End PBXNativeTarget section */

/* Begin PBXProject section */
		BB6CFADB26FAA56200F1DBAB /* Project object */ = {
			isa = PBXProject;
			attributes = {
				BuildIndependentTargetsInParallel = 1;
				LastSwiftUpdateCheck = 1300;
				LastUpgradeCheck = 1300;
				TargetAttributes = {
					BB6CFAE226FAA56200F1DBAB = {
						CreatedOnToolsVersion = 13.0;
					};
				};
			};
			buildConfigurationList = BB6CFADE26FAA56200F1DBAB /* Build configuration list for PBXProject "My Great App" */;
			compatibilityVersion = "Xcode 13.0";
			developmentRegion = en;
			hasScannedForEncodings = 0;
			knownRegions = (
				en,
				Base,
			);
			mainGroup = BB6CFADA26FAA56200F1DBAB;
			packageReferences = (
			);
			productRefGroup = BB6CFAE426FAA56200F1DBAB /* Products */;
			projectDirPath = "";
			projectRoot = "";
			targets = (
				BB6CFAE226FAA56200F1DBAB /* My Great App */,
			);
		};
/* End PBXProject section */

/* Begin PBXResourcesBuildPhase section */
		BB6CFAE126FAA56200F1DBAB /* Resources */ = {
			isa = PBXResourcesBuildPhase;
			buildActionMask = 2147483647;
			files = (
				BB6CFAEE26FAA56400F1DBAB /* Preview Assets.xcassets in Resources */,
				BB6CFAEB26FAA56400F1DBAB /* Assets.xcassets in Resources */,
				E4E468B4298829C6003E2642 /* GoogleService-Info.plist in Resources */,
			);
			runOnlyForDeploymentPostprocessing = 0;
		};
/* End PBXResourcesBuildPhase section */

/* Begin PBXSourcesBuildPhase section */
		BB6CFADF26FAA56200F1DBAB /* Sources */ = {
			isa = PBXSourcesBuildPhase;
			buildActionMask = 2147483647;
			files = (
				E4E468B929882FB4003E2642 /* HomeView.swift in Sources */,
				BB6CFAE926FAA56200F1DBAB /* ContentView.swift in Sources */,
				BB6CFAE726FAA56200F1DBAB /* My_Great_AppApp.swift in Sources */,
			);
			runOnlyForDeploymentPostprocessing = 0;
		};
/* End PBXSourcesBuildPhase section */

/* Begin XCBuildConfiguration section */
		BB6CFAEF26FAA56400F1DBAB /* Debug */ = {
			isa = XCBuildConfiguration;
			buildSettings = {
				ALWAYS_SEARCH_USER_PATHS = NO;
				CLANG_ANALYZER_NONNULL = YES;
				CLANG_ANALYZER_NUMBER_OBJECT_CONVERSION = YES_AGGRESSIVE;
				CLANG_CXX_LANGUAGE_STANDARD = "gnu++17";
				CLANG_CXX_LIBRARY = "libc++";
				CLANG_ENABLE_MODULES = YES;
				CLANG_ENABLE_OBJC_ARC = YES;
				CLANG_ENABLE_OBJC_WEAK = YES;
				CLANG_WARN_BLOCK_CAPTURE_AUTORELEASING = YES;
				CLANG_WARN_BOOL_CONVERSION = YES;
				CLANG_WARN_COMMA = YES;
				CLANG_WARN_CONSTANT_CONVERSION = YES;
				CLANG_WARN_DEPRECATED_OBJC_IMPLEMENTATIONS = YES;
				CLANG_WARN_DIRECT_OBJC_ISA_USAGE = YES_ERROR;
				CLANG_WARN_DOCUMENTATION_COMMENTS = YES;
				CLANG_WARN_EMPTY_BODY = YES;
				CLANG_WARN_ENUM_CONVERSION = YES;
				CLANG_WARN_INFINITE_RECURSION = YES;
				CLANG_WARN_INT_CONVERSION = YES;
				CLANG_WARN_NON_LITERAL_NULL_CONVERSION = YES;
				CLANG_WARN_OBJC_IMPLICIT_RETAIN_SELF = YES;
				CLANG_WARN_OBJC_LITERAL_CONVERSION = YES;
				CLANG_WARN_OBJC_ROOT_CLASS = YES_ERROR;
				CLANG_WARN_QUOTED_INCLUDE_IN_FRAMEWORK_HEADER = YES;
				CLANG_WARN_RANGE_LOOP_ANALYSIS = YES;
				CLANG_WARN_STRICT_PROTOTYPES = YES;
				CLANG_WARN_SUSPICIOUS_MOVE = YES;
				CLANG_WARN_UNGUARDED_AVAILABILITY = YES_AGGRESSIVE;
				CLANG_WARN_UNREACHABLE_CODE = YES;
				CLANG_WARN__DUPLICATE_METHOD_MATCH = YES;
				COPY_PHASE_STRIP = NO;
				DEBUG_INFORMATION_FORMAT = dwarf;
				ENABLE_STRICT_OBJC_MSGSEND = YES;
				ENABLE_TESTABILITY = YES;
				GCC_C_LANGUAGE_STANDARD = gnu11;
				GCC_DYNAMIC_NO_PIC = NO;
				GCC_NO_COMMON_BLOCKS = YES;
				GCC_OPTIMIZATION_LEVEL = 0;
				GCC_PREPROCESSOR_DEFINITIONS = (
					"DEBUG=1",
					"$(inherited)",
				);
				GCC_WARN_64_TO_32_BIT_CONVERSION = YES;
				GCC_WARN_ABOUT_RETURN_TYPE = YES_ERROR;
				GCC_WARN_UNDECLARED_SELECTOR = YES;
				GCC_WARN_UNINITIALIZED_AUTOS = YES_AGGRESSIVE;
				GCC_WARN_UNUSED_FUNCTION = YES;
				GCC_WARN_UNUSED_VARIABLE = YES;
				IPHONEOS_DEPLOYMENT_TARGET = 14.0;
				MTL_ENABLE_DEBUG_INFO = INCLUDE_SOURCE;
				MTL_FAST_MATH = YES;
				ONLY_ACTIVE_ARCH = YES;
				SDKROOT = iphoneos;
				SWIFT_ACTIVE_COMPILATION_CONDITIONS = DEBUG;
				SWIFT_OPTIMIZATION_LEVEL = "-Onone";
			};
			name = Debug;
		};
		BB6CFAF026FAA56400F1DBAB /* Release */ = {
			isa = XCBuildConfiguration;
			buildSettings = {
				ALWAYS_SEARCH_USER_PATHS = NO;
				CLANG_ANALYZER_NONNULL = YES;
				CLANG_ANALYZER_NUMBER_OBJECT_CONVERSION = YES_AGGRESSIVE;
				CLANG_CXX_LANGUAGE_STANDARD = "gnu++17";
				CLANG_CXX_LIBRARY = "libc++";
				CLANG_ENABLE_MODULES = YES;
				CLANG_ENABLE_OBJC_ARC = YES;
				CLANG_ENABLE_OBJC_WEAK = YES;
				CLANG_WARN_BLOCK_CAPTURE_AUTORELEASING = YES;
				CLANG_WARN_BOOL_CONVERSION = YES;
				CLANG_WARN_COMMA = YES;
				CLANG_WARN_CONSTANT_CONVERSION = YES;
				CLANG_WARN_DEPRECATED_OBJC_IMPLEMENTATIONS = YES;
				CLANG_WARN_DIRECT_OBJC_ISA_USAGE = YES_ERROR;
				CLANG_WARN_DOCUMENTATION_COMMENTS = YES;
				CLANG_WARN_EMPTY_BODY = YES;
				CLANG_WARN_ENUM_CONVERSION = YES;
				CLANG_WARN_INFINITE_RECURSION = YES;
				CLANG_WARN_INT_CONVERSION = YES;
				CLANG_WARN_NON_LITERAL_NULL_CONVERSION = YES;
				CLANG_WARN_OBJC_IMPLICIT_RETAIN_SELF = YES;
				CLANG_WARN_OBJC_LITERAL_CONVERSION = YES;
				CLANG_WARN_OBJC_ROOT_CLASS = YES_ERROR;
				CLANG_WARN_QUOTED_INCLUDE_IN_FRAMEWORK_HEADER = YES;
				CLANG_WARN_RANGE_LOOP_ANALYSIS = YES;
				CLANG_WARN_STRICT_PROTOTYPES = YES;
				CLANG_WARN_SUSPICIOUS_MOVE = YES;
				CLANG_WARN_UNGUARDED_AVAILABILITY = YES_AGGRESSIVE;
				CLANG_WARN_UNREACHABLE_CODE = YES;
				CLANG_WARN__DUPLICATE_METHOD_MATCH = YES;
				COPY_PHASE_STRIP = NO;
				DEBUG_INFORMATION_FORMAT = "dwarf-with-dsym";
				ENABLE_NS_ASSERTIONS = NO;
				ENABLE_STRICT_OBJC_MSGSEND = YES;
				GCC_C_LANGUAGE_STANDARD = gnu11;
				GCC_NO_COMMON_BLOCKS = YES;
				GCC_WARN_64_TO_32_BIT_CONVERSION = YES;
				GCC_WARN_ABOUT_RETURN_TYPE = YES_ERROR;
				GCC_WARN_UNDECLARED_SELECTOR = YES;
				GCC_WARN_UNINITIALIZED_AUTOS = YES_AGGRESSIVE;
				GCC_WARN_UNUSED_FUNCTION = YES;
				GCC_WARN_UNUSED_VARIABLE = YES;
				IPHONEOS_DEPLOYMENT_TARGET = 14.0;
				MTL_ENABLE_DEBUG_INFO = NO;
				MTL_FAST_MATH = YES;
				SDKROOT = iphoneos;
				SWIFT_COMPILATION_MODE = wholemodule;
				SWIFT_OPTIMIZATION_LEVEL = "-O";
				VALIDATE_PRODUCT = YES;
			};
			name = Release;
		};
		BB6CFAF226FAA56400F1DBAB /* Debug */ = {
			isa = XCBuildConfiguration;
			buildSettings = {
				ASSETCATALOG_COMPILER_APPICON_NAME = AppIcon;
				ASSETCATALOG_COMPILER_GLOBAL_ACCENT_COLOR_NAME = AccentColor;
				CODE_SIGN_STYLE = Automatic;
				CURRENT_PROJECT_VERSION = 1;
				DEVELOPMENT_ASSET_PATHS = "\"My Great App/Preview Content\"";
				DEVELOPMENT_TEAM = 4P4GQMB6S7;
				ENABLE_PREVIEWS = YES;
				GENERATE_INFOPLIST_FILE = YES;
				INFOPLIST_FILE = "My-Great-App-Info.plist";
				INFOPLIST_KEY_UIApplicationSceneManifest_Generation = YES;
				INFOPLIST_KEY_UIApplicationSupportsIndirectInputEvents = YES;
				INFOPLIST_KEY_UISupportedInterfaceOrientations_iPad = "UIInterfaceOrientationPortrait UIInterfaceOrientationPortraitUpsideDown UIInterfaceOrientationLandscapeLeft UIInterfaceOrientationLandscapeRight";
				INFOPLIST_KEY_UISupportedInterfaceOrientations_iPhone = "UIInterfaceOrientationPortrait UIInterfaceOrientationLandscapeLeft UIInterfaceOrientationLandscapeRight";
				IPHONEOS_DEPLOYMENT_TARGET = 14.0;
				LD_RUNPATH_SEARCH_PATHS = (
					"$(inherited)",
					"@executable_path/Frameworks",
				);
				MARKETING_VERSION = 1.0;
				PRODUCT_BUNDLE_IDENTIFIER = "com.mjedrzejak.My-Great-App";
				PRODUCT_NAME = "$(TARGET_NAME)";
				SWIFT_EMIT_LOC_STRINGS = YES;
				SWIFT_VERSION = 5.0;
				TARGETED_DEVICE_FAMILY = "1,2";
			};
			name = Debug;
		};
		BB6CFAF326FAA56400F1DBAB /* Release */ = {
			isa = XCBuildConfiguration;
			buildSettings = {
				ASSETCATALOG_COMPILER_APPICON_NAME = AppIcon;
				ASSETCATALOG_COMPILER_GLOBAL_ACCENT_COLOR_NAME = AccentColor;
				CODE_SIGN_STYLE = Automatic;
				CURRENT_PROJECT_VERSION = 1;
				DEVELOPMENT_ASSET_PATHS = "\"My Great App/Preview Content\"";
				DEVELOPMENT_TEAM = 4P4GQMB6S7;
				ENABLE_PREVIEWS = YES;
				GENERATE_INFOPLIST_FILE = YES;
				INFOPLIST_FILE = "My-Great-App-Info.plist";
				INFOPLIST_KEY_UIApplicationSceneManifest_Generation = YES;
				INFOPLIST_KEY_UIApplicationSupportsIndirectInputEvents = YES;
				INFOPLIST_KEY_UISupportedInterfaceOrientations_iPad = "UIInterfaceOrientationPortrait UIInterfaceOrientationPortraitUpsideDown UIInterfaceOrientationLandscapeLeft UIInterfaceOrientationLandscapeRight";
				INFOPLIST_KEY_UISupportedInterfaceOrientations_iPhone = "UIInterfaceOrientationPortrait UIInterfaceOrientationLandscapeLeft UIInterfaceOrientationLandscapeRight";
				IPHONEOS_DEPLOYMENT_TARGET = 14.0;
				LD_RUNPATH_SEARCH_PATHS = (
					"$(inherited)",
					"@executable_path/Frameworks",
				);
				MARKETING_VERSION = 1.0;
				PRODUCT_BUNDLE_IDENTIFIER = "com.mjedrzejak.My-Great-App";
				PRODUCT_NAME = "$(TARGET_NAME)";
				SWIFT_EMIT_LOC_STRINGS = YES;
				SWIFT_VERSION = 5.0;
				TARGETED_DEVICE_FAMILY = "1,2";
			};
			name = Release;
		};
/* End XCBuildConfiguration section */

/* Begin XCConfigurationList section */
		BB6CFADE26FAA56200F1DBAB /* Build configuration list for PBXProject "My Great App" */ = {
			isa = XCConfigurationList;
			buildConfigurations = (
				BB6CFAEF26FAA56400F1DBAB /* Debug */,
				BB6CFAF026FAA56400F1DBAB /* Release */,
			);
			defaultConfigurationIsVisible = 0;
			defaultConfigurationName = Release;
		};
		BB6CFAF126FAA56400F1DBAB /* Build configuration list for PBXNativeTarget "My Great App" */ = {
			isa = XCConfigurationList;
			buildConfigurations = (
				BB6CFAF226FAA56400F1DBAB /* Debug */,
				BB6CFAF326FAA56400F1DBAB /* Release */,
			);
			defaultConfigurationIsVisible = 0;
			defaultConfigurationName = Release;
		};
/* End XCConfigurationList section */

/* Begin XCSwiftPackageProductDependency section */
		E4726E03298ABAB0002F7195 /* FBAuthentication */ = {
			isa = XCSwiftPackageProductDependency;
			productName = FBAuthentication;
		};
/* End XCSwiftPackageProductDependency section */
	};
	rootObject = BB6CFADB26FAA56200F1DBAB /* Project object */;
}
